
Microsoft Visual Studio Solution File, Format Version 12.00
# Visual Studio Version 17
VisualStudioVersion = 17.0.31903.59
MinimumVisualStudioVersion = 10.0.40219.1
Project("{2150E333-8FDC-42A3-9474-1A3956D46DE8}") = "src", "src", "{827E0CD3-B72D-47B6-A68D-7590B98EB39B}"
EndProject
Project("{FAE04EC0-301F-11D3-BF4B-00C04F79EFBC}") = "Manufacturing.Monitoring.Api", "src\Manufacturing.Monitoring.Api\Manufacturing.Monitoring.Api.csproj", "{4D9E19C3-A9AB-483F-8A09-54358CCBABB5}"
EndProject
Project("{FAE04EC0-301F-11D3-BF4B-00C04F79EFBC}") = "Manufacturing.Monitoring.Application", "src\Manufacturing.Monitoring.Application\Manufacturing.Monitoring.Application.csproj", "{1F1C6B5E-BDFA-4490-AD44-15E516585450}"
EndProject
Project("{FAE04EC0-301F-11D3-BF4B-00C04F79EFBC}") = "Manufacturing.Monitoring.Domain", "src\Manufacturing.Monitoring.Domain\Manufacturing.Monitoring.Domain.csproj", "{1A2B047D-D84B-470D-960D-0B8ADE855A60}"
EndProject
Project("{FAE04EC0-301F-11D3-BF4B-00C04F79EFBC}") = "Manufacturing.Monitoring.Infrastructure", "src\Manufacturing.Monitoring.Infrastructure\Manufacturing.Monitoring.Infrastructure.csproj", "{FD60CAE1-E72B-4A39-A055-B39D9B103B83}"
EndProject
Project("{FAE04EC0-301F-11D3-BF4B-00C04F79EFBC}") = "Manufacturing.Monitoring.Tests", "Manufacturing.Monitoring.Tests\Manufacturing.Monitoring.Tests.csproj", "{B9EB8921-CDF4-49F3-AE55-2A76F10447BA}"
EndProject
Global
	GlobalSection(SolutionConfigurationPlatforms) = preSolution
		Debug|Any CPU = Debug|Any CPU
		Debug|x64 = Debug|x64
		Debug|x86 = Debug|x86
		Release|Any CPU = Release|Any CPU
		Release|x64 = Release|x64
		Release|x86 = Release|x86
	EndGlobalSection
	GlobalSection(ProjectConfigurationPlatforms) = postSolution
		{4D9E19C3-A9AB-483F-8A09-54358CCBABB5}.Debug|Any CPU.ActiveCfg = Debug|Any CPU
		{4D9E19C3-A9AB-483F-8A09-54358CCBABB5}.Debug|Any CPU.Build.0 = Debug|Any CPU
		{4D9E19C3-A9AB-483F-8A09-54358CCBABB5}.Debug|x64.ActiveCfg = Debug|Any CPU
		{4D9E19C3-A9AB-483F-8A09-54358CCBABB5}.Debug|x64.Build.0 = Debug|Any CPU
		{4D9E19C3-A9AB-483F-8A09-54358CCBABB5}.Debug|x86.ActiveCfg = Debug|Any CPU
		{4D9E19C3-A9AB-483F-8A09-54358CCBABB5}.Debug|x86.Build.0 = Debug|Any CPU
		{4D9E19C3-A9AB-483F-8A09-54358CCBABB5}.Release|Any CPU.ActiveCfg = Release|Any CPU
		{4D9E19C3-A9AB-483F-8A09-54358CCBABB5}.Release|Any CPU.Build.0 = Release|Any CPU
		{4D9E19C3-A9AB-483F-8A09-54358CCBABB5}.Release|x64.ActiveCfg = Release|Any CPU
		{4D9E19C3-A9AB-483F-8A09-54358CCBABB5}.Release|x64.Build.0 = Release|Any CPU
		{4D9E19C3-A9AB-483F-8A09-54358CCBABB5}.Release|x86.ActiveCfg = Release|Any CPU
		{4D9E19C3-A9AB-483F-8A09-54358CCBABB5}.Release|x86.Build.0 = Release|Any CPU
		{1F1C6B5E-BDFA-4490-AD44-15E516585450}.Debug|Any CPU.ActiveCfg = Debug|Any CPU
		{1F1C6B5E-BDFA-4490-AD44-15E516585450}.Debug|Any CPU.Build.0 = Debug|Any CPU
		{1F1C6B5E-BDFA-4490-AD44-15E516585450}.Debug|x64.ActiveCfg = Debug|Any CPU
		{1F1C6B5E-BDFA-4490-AD44-15E516585450}.Debug|x64.Build.0 = Debug|Any CPU
		{1F1C6B5E-BDFA-4490-AD44-15E516585450}.Debug|x86.ActiveCfg = Debug|Any CPU
		{1F1C6B5E-BDFA-4490-AD44-15E516585450}.Debug|x86.Build.0 = Debug|Any CPU
		{1F1C6B5E-BDFA-4490-AD44-15E516585450}.Release|Any CPU.ActiveCfg = Release|Any CPU
		{1F1C6B5E-BDFA-4490-AD44-15E516585450}.Release|Any CPU.Build.0 = Release|Any CPU
		{1F1C6B5E-BDFA-4490-AD44-15E516585450}.Release|x64.ActiveCfg = Release|Any CPU
		{1F1C6B5E-BDFA-4490-AD44-15E516585450}.Release|x64.Build.0 = Release|Any CPU
		{1F1C6B5E-BDFA-4490-AD44-15E516585450}.Release|x86.ActiveCfg = Release|Any CPU
		{1F1C6B5E-BDFA-4490-AD44-15E516585450}.Release|x86.Build.0 = Release|Any CPU
		{1A2B047D-D84B-470D-960D-0B8ADE855A60}.Debug|Any CPU.ActiveCfg = Debug|Any CPU
		{1A2B047D-D84B-470D-960D-0B8ADE855A60}.Debug|Any CPU.Build.0 = Debug|Any CPU
		{1A2B047D-D84B-470D-960D-0B8ADE855A60}.Debug|x64.ActiveCfg = Debug|Any CPU
		{1A2B047D-D84B-470D-960D-0B8ADE855A60}.Debug|x64.Build.0 = Debug|Any CPU
		{1A2B047D-D84B-470D-960D-0B8ADE855A60}.Debug|x86.ActiveCfg = Debug|Any CPU
		{1A2B047D-D84B-470D-960D-0B8ADE855A60}.Debug|x86.Build.0 = Debug|Any CPU
		{1A2B047D-D84B-470D-960D-0B8ADE855A60}.Release|Any CPU.ActiveCfg = Release|Any CPU
		{1A2B047D-D84B-470D-960D-0B8ADE855A60}.Release|Any CPU.Build.0 = Release|Any CPU
		{1A2B047D-D84B-470D-960D-0B8ADE855A60}.Release|x64.ActiveCfg = Release|Any CPU
		{1A2B047D-D84B-470D-960D-0B8ADE855A60}.Release|x64.Build.0 = Release|Any CPU
		{1A2B047D-D84B-470D-960D-0B8ADE855A60}.Release|x86.ActiveCfg = Release|Any CPU
		{1A2B047D-D84B-470D-960D-0B8ADE855A60}.Release|x86.Build.0 = Release|Any CPU
		{FD60CAE1-E72B-4A39-A055-B39D9B103B83}.Debug|Any CPU.ActiveCfg = Debug|Any CPU
		{FD60CAE1-E72B-4A39-A055-B39D9B103B83}.Debug|Any CPU.Build.0 = Debug|Any CPU
		{FD60CAE1-E72B-4A39-A055-B39D9B103B83}.Debug|x64.ActiveCfg = Debug|Any CPU
		{FD60CAE1-E72B-4A39-A055-B39D9B103B83}.Debug|x64.Build.0 = Debug|Any CPU
		{FD60CAE1-E72B-4A39-A055-B39D9B103B83}.Debug|x86.ActiveCfg = Debug|Any CPU
		{FD60CAE1-E72B-4A39-A055-B39D9B103B83}.Debug|x86.Build.0 = Debug|Any CPU
		{FD60CAE1-E72B-4A39-A055-B39D9B103B83}.Release|Any CPU.ActiveCfg = Release|Any CPU
		{FD60CAE1-E72B-4A39-A055-B39D9B103B83}.Release|Any CPU.Build.0 = Release|Any CPU
		{FD60CAE1-E72B-4A39-A055-B39D9B103B83}.Release|x64.ActiveCfg = Release|Any CPU
		{FD60CAE1-E72B-4A39-A055-B39D9B103B83}.Release|x64.Build.0 = Release|Any CPU
		{FD60CAE1-E72B-4A39-A055-B39D9B103B83}.Release|x86.ActiveCfg = Release|Any CPU
		{FD60CAE1-E72B-4A39-A055-B39D9B103B83}.Release|x86.Build.0 = Release|Any CPU
		{B9EB8921-CDF4-49F3-AE55-2A76F10447BA}.Debug|Any CPU.ActiveCfg = Debug|Any CPU
		{B9EB8921-CDF4-49F3-AE55-2A76F10447BA}.Debug|Any CPU.Build.0 = Debug|Any CPU
		{B9EB8921-CDF4-49F3-AE55-2A76F10447BA}.Debug|x64.ActiveCfg = Debug|Any CPU
		{B9EB8921-CDF4-49F3-AE55-2A76F10447BA}.Debug|x64.Build.0 = Debug|Any CPU
		{B9EB8921-CDF4-49F3-AE55-2A76F10447BA}.Debug|x86.ActiveCfg = Debug|Any CPU
		{B9EB8921-CDF4-49F3-AE55-2A76F10447BA}.Debug|x86.Build.0 = Debug|Any CPU
		{B9EB8921-CDF4-49F3-AE55-2A76F10447BA}.Release|Any CPU.ActiveCfg = Release|Any CPU
		{B9EB8921-CDF4-49F3-AE55-2A76F10447BA}.Release|Any CPU.Build.0 = Release|Any CPU
		{B9EB8921-CDF4-49F3-AE55-2A76F10447BA}.Release|x64.ActiveCfg = Release|Any CPU
		{B9EB8921-CDF4-49F3-AE55-2A76F10447BA}.Release|x64.Build.0 = Release|Any CPU
		{B9EB8921-CDF4-49F3-AE55-2A76F10447BA}.Release|x86.ActiveCfg = Release|Any CPU
		{B9EB8921-CDF4-49F3-AE55-2A76F10447BA}.Release|x86.Build.0 = Release|Any CPU
	EndGlobalSection
	GlobalSection(SolutionProperties) = preSolution
		HideSolutionNode = FALSE
	EndGlobalSection
	GlobalSection(NestedProjects) = preSolution
		{4D9E19C3-A9AB-483F-8A09-54358CCBABB5} = {827E0CD3-B72D-47B6-A68D-7590B98EB39B}
		{1F1C6B5E-BDFA-4490-AD44-15E516585450} = {827E0CD3-B72D-47B6-A68D-7590B98EB39B}
		{1A2B047D-D84B-470D-960D-0B8ADE855A60} = {827E0CD3-B72D-47B6-A68D-7590B98EB39B}
		{FD60CAE1-E72B-4A39-A055-B39D9B103B83} = {827E0CD3-B72D-47B6-A68D-7590B98EB39B}
	EndGlobalSection
EndGlobal
